// !$*UTF8*$!
{
	archiveVersion = 1;
	classes = {
	};
	objectVersion = 50;
	objects = {

/* Begin PBXBuildFile section */
		9355A1CF226C231D00FCC348 /* AppDelegate.swift in Sources */ = {isa = PBXBuildFile; fileRef = 9355A1CE226C231D00FCC348 /* AppDelegate.swift */; };
		9355A1D1226C231D00FCC348 /* ViewController.swift in Sources */ = {isa = PBXBuildFile; fileRef = 9355A1D0226C231D00FCC348 /* ViewController.swift */; };
		9355A1D4226C231D00FCC348 /* Main.storyboard in Resources */ = {isa = PBXBuildFile; fileRef = 9355A1D2226C231D00FCC348 /* Main.storyboard */; };
		9355A1D6226C231F00FCC348 /* Assets.xcassets in Resources */ = {isa = PBXBuildFile; fileRef = 9355A1D5226C231F00FCC348 /* Assets.xcassets */; };
		9355A1D9226C231F00FCC348 /* LaunchScreen.storyboard in Resources */ = {isa = PBXBuildFile; fileRef = 9355A1D7226C231F00FCC348 /* LaunchScreen.storyboard */; };
		939F62E32272769700B7FFB2 /* TableViewCell.swift in Sources */ = {isa = PBXBuildFile; fileRef = 939F62E22272769700B7FFB2 /* TableViewCell.swift */; };
		939F62E52272784800B7FFB2 /* DetailViewController.swift in Sources */ = {isa = PBXBuildFile; fileRef = 939F62E42272784800B7FFB2 /* DetailViewController.swift */; };
		939F62E7227279A900B7FFB2 /* MasterTableViewController.swift in Sources */ = {isa = PBXBuildFile; fileRef = 939F62E6227279A900B7FFB2 /* MasterTableViewController.swift */; };
		93FD32AE22714E63002D0303 /* DataService.swift in Sources */ = {isa = PBXBuildFile; fileRef = 93FD32AD22714E63002D0303 /* DataService.swift */; };
		93FD32B022714E6E002D0303 /* ObjectModel.swift in Sources */ = {isa = PBXBuildFile; fileRef = 93FD32AF22714E6E002D0303 /* ObjectModel.swift */; };
/* End PBXBuildFile section */

/* Begin PBXFileReference section */
		9355A1CB226C231D00FCC348 /* EarthQuakeAPI.app */ = {isa = PBXFileReference; explicitFileType = wrapper.application; includeInIndex = 0; path = EarthQuakeAPI.app; sourceTree = BUILT_PRODUCTS_DIR; };
		9355A1CE226C231D00FCC348 /* AppDelegate.swift */ = {isa = PBXFileReference; lastKnownFileType = sourcecode.swift; path = AppDelegate.swift; sourceTree = "<group>"; };
		9355A1D0226C231D00FCC348 /* ViewController.swift */ = {isa = PBXFileReference; lastKnownFileType = sourcecode.swift; path = ViewController.swift; sourceTree = "<group>"; };
		9355A1D3226C231D00FCC348 /* Base */ = {isa = PBXFileReference; lastKnownFileType = file.storyboard; name = Base; path = Base.lproj/Main.storyboard; sourceTree = "<group>"; };
		9355A1D5226C231F00FCC348 /* Assets.xcassets */ = {isa = PBXFileReference; lastKnownFileType = folder.assetcatalog; path = Assets.xcassets; sourceTree = "<group>"; };
		9355A1D8226C231F00FCC348 /* Base */ = {isa = PBXFileReference; lastKnownFileType = file.storyboard; name = Base; path = Base.lproj/LaunchScreen.storyboard; sourceTree = "<group>"; };
		9355A1DA226C231F00FCC348 /* Info.plist */ = {isa = PBXFileReference; lastKnownFileType = text.plist.xml; path = Info.plist; sourceTree = "<group>"; };
		939F62E22272769700B7FFB2 /* TableViewCell.swift */ = {isa = PBXFileReference; lastKnownFileType = sourcecode.swift; path = TableViewCell.swift; sourceTree = "<group>"; };
		939F62E42272784800B7FFB2 /* DetailViewController.swift */ = {isa = PBXFileReference; lastKnownFileType = sourcecode.swift; path = DetailViewController.swift; sourceTree = "<group>"; };
		939F62E6227279A900B7FFB2 /* MasterTableViewController.swift */ = {isa = PBXFileReference; lastKnownFileType = sourcecode.swift; path = MasterTableViewController.swift; sourceTree = "<group>"; };
		93FD32AD22714E63002D0303 /* DataService.swift */ = {isa = PBXFileReference; lastKnownFileType = sourcecode.swift; path = DataService.swift; sourceTree = "<group>"; };
		93FD32AF22714E6E002D0303 /* ObjectModel.swift */ = {isa = PBXFileReference; lastKnownFileType = sourcecode.swift; path = ObjectModel.swift; sourceTree = "<group>"; };
/* End PBXFileReference section */

/* Begin PBXFrameworksBuildPhase section */
		9355A1C8226C231D00FCC348 /* Frameworks */ = {
			isa = PBXFrameworksBuildPhase;
			buildActionMask = 2147483647;
			files = (
			);
			runOnlyForDeploymentPostprocessing = 0;
		};
/* End PBXFrameworksBuildPhase section */

/* Begin PBXGroup section */
		9355A1C2226C231D00FCC348 = {
			isa = PBXGroup;
			children = (
				9355A1CD226C231D00FCC348 /* EarthQuakeAPI */,
				9355A1CC226C231D00FCC348 /* Products */,
			);
			sourceTree = "<group>";
		};
		9355A1CC226C231D00FCC348 /* Products */ = {
			isa = PBXGroup;
			children = (
				9355A1CB226C231D00FCC348 /* EarthQuakeAPI.app */,
			);
			name = Products;
			sourceTree = "<group>";
		};
		9355A1CD226C231D00FCC348 /* EarthQuakeAPI */ = {
			isa = PBXGroup;
			children = (
				93FD32AC22714E53002D0303 /* Model */,
				939F62E12272761300B7FFB2 /* View */,
				939F62E02272760C00B7FFB2 /* Controller */,
				9355A1CE226C231D00FCC348 /* AppDelegate.swift */,
				9355A1D5226C231F00FCC348 /* Assets.xcassets */,
				9355A1DA226C231F00FCC348 /* Info.plist */,
			);
			path = EarthQuakeAPI;
			sourceTree = "<group>";
		};
		939F62E02272760C00B7FFB2 /* Controller */ = {
			isa = PBXGroup;
			children = (
				939F62E6227279A900B7FFB2 /* MasterTableViewController.swift */,
				939F62E42272784800B7FFB2 /* DetailViewController.swift */,
				9355A1D0226C231D00FCC348 /* ViewController.swift */,
			);
			path = Controller;
			sourceTree = "<group>";
		};
		939F62E12272761300B7FFB2 /* View */ = {
			isa = PBXGroup;
			children = (
				939F62E22272769700B7FFB2 /* TableViewCell.swift */,
				9355A1D2226C231D00FCC348 /* Main.storyboard */,
				9355A1D7226C231F00FCC348 /* LaunchScreen.storyboard */,
			);
			path = View;
			sourceTree = "<group>";
		};
		93FD32AC22714E53002D0303 /* Model */ = {
			isa = PBXGroup;
			children = (
				93FD32AD22714E63002D0303 /* DataService.swift */,
				93FD32AF22714E6E002D0303 /* ObjectModel.swift */,
			);
			path = Model;
			sourceTree = "<group>";
		};
/* End PBXGroup section */

/* Begin PBXNativeTarget section */
		9355A1CA226C231D00FCC348 /* EarthQuakeAPI */ = {
			isa = PBXNativeTarget;
			buildConfigurationList = 9355A1DD226C231F00FCC348 /* Build configuration list for PBXNativeTarget "EarthQuakeAPI" */;
			buildPhases = (
				9355A1C7226C231D00FCC348 /* Sources */,
				9355A1C8226C231D00FCC348 /* Frameworks */,
				9355A1C9226C231D00FCC348 /* Resources */,
			);
			buildRules = (
			);
			dependencies = (
			);
			name = EarthQuakeAPI;
			productName = EarthQuakeAPI;
			productReference = 9355A1CB226C231D00FCC348 /* EarthQuakeAPI.app */;
			productType = "com.apple.product-type.application";
		};
/* End PBXNativeTarget section */

/* Begin PBXProject section */
		9355A1C3226C231D00FCC348 /* Project object */ = {
			isa = PBXProject;
			attributes = {
				LastSwiftUpdateCheck = 0940;
				LastUpgradeCheck = 0940;
				ORGANIZATIONNAME = "Just Kidding";
				TargetAttributes = {
					9355A1CA226C231D00FCC348 = {
						CreatedOnToolsVersion = 9.4.1;
					};
				};
			};
			buildConfigurationList = 9355A1C6226C231D00FCC348 /* Build configuration list for PBXProject "EarthQuakeAPI" */;
			compatibilityVersion = "Xcode 9.3";
			developmentRegion = en;
			hasScannedForEncodings = 0;
			knownRegions = (
				en,
				Base,
			);
			mainGroup = 9355A1C2226C231D00FCC348;
			productRefGroup = 9355A1CC226C231D00FCC348 /* Products */;
			projectDirPath = "";
			projectRoot = "";
			targets = (
				9355A1CA226C231D00FCC348 /* EarthQuakeAPI */,
			);
		};
/* End PBXProject section */

/* Begin PBXResourcesBuildPhase section */
		9355A1C9226C231D00FCC348 /* Resources */ = {
			isa = PBXResourcesBuildPhase;
			buildActionMask = 2147483647;
			files = (
				9355A1D9226C231F00FCC348 /* LaunchScreen.storyboard in Resources */,
				9355A1D6226C231F00FCC348 /* Assets.xcassets in Resources */,
				9355A1D4226C231D00FCC348 /* Main.storyboard in Resources */,
			);
			runOnlyForDeploymentPostprocessing = 0;
		};
/* End PBXResourcesBuildPhase section */

/* Begin PBXSourcesBuildPhase section */
		9355A1C7226C231D00FCC348 /* Sources */ = {
			isa = PBXSourcesBuildPhase;
			buildActionMask = 2147483647;
			files = (
				939F62E32272769700B7FFB2 /* TableViewCell.swift in Sources */,
				93FD32B022714E6E002D0303 /* ObjectModel.swift in Sources */,
				93FD32AE22714E63002D0303 /* DataService.swift in Sources */,
				939F62E52272784800B7FFB2 /* DetailViewController.swift in Sources */,
				9355A1D1226C231D00FCC348 /* ViewController.swift in Sources */,
				9355A1CF226C231D00FCC348 /* AppDelegate.swift in Sources */,
				939F62E7227279A900B7FFB2 /* MasterTableViewController.swift in Sources */,
			);
			runOnlyForDeploymentPostprocessing = 0;
		};
/* End PBXSourcesBuildPhase section */

/* Begin PBXVariantGroup section */
		9355A1D2226C231D00FCC348 /* Main.storyboard */ = {
			isa = PBXVariantGroup;
			children = (
				9355A1D3226C231D00FCC348 /* Base */,
			);
			name = Main.storyboard;
			sourceTree = "<group>";
		};
		9355A1D7226C231F00FCC348 /* LaunchScreen.storyboard */ = {
			isa = PBXVariantGroup;
			children = (
				9355A1D8226C231F00FCC348 /* Base */,
			);
			name = LaunchScreen.storyboard;
			sourceTree = "<group>";
		};
/* End PBXVariantGroup section */

/* Begin XCBuildConfiguration section */
		9355A1DB226C231F00FCC348 /* Debug */ = {
			isa = XCBuildConfiguration;
			buildSettings = {
				ALWAYS_SEARCH_USER_PATHS = NO;
				CLANG_ANALYZER_NONNULL = YES;
				CLANG_ANALYZER_NUMBER_OBJECT_CONVERSION = YES_AGGRESSIVE;
				CLANG_CXX_LANGUAGE_STANDARD = "gnu++14";
				CLANG_CXX_LIBRARY = "libc++";
				CLANG_ENABLE_MODULES = YES;
				CLANG_ENABLE_OBJC_ARC = YES;
				CLANG_ENABLE_OBJC_WEAK = YES;
				CLANG_WARN_BLOCK_CAPTURE_AUTORELEASING = YES;
				CLANG_WARN_BOOL_CONVERSION = YES;
				CLANG_WARN_COMMA = YES;
				CLANG_WARN_CONSTANT_CONVERSION = YES;
				CLANG_WARN_DEPRECATED_OBJC_IMPLEMENTATIONS = YES;
				CLANG_WARN_DIRECT_OBJC_ISA_USAGE = YES_ERROR;
				CLANG_WARN_DOCUMENTATION_COMMENTS = YES;
				CLANG_WARN_EMPTY_BODY = YES;
				CLANG_WARN_ENUM_CONVERSION = YES;
				CLANG_WARN_INFINITE_RECURSION = YES;
				CLANG_WARN_INT_CONVERSION = YES;
				CLANG_WARN_NON_LITERAL_NULL_CONVERSION = YES;
				CLANG_WARN_OBJC_IMPLICIT_RETAIN_SELF = YES;
				CLANG_WARN_OBJC_LITERAL_CONVERSION = YES;
				CLANG_WARN_OBJC_ROOT_CLASS = YES_ERROR;
				CLANG_WARN_RANGE_LOOP_ANALYSIS = YES;
				CLANG_WARN_STRICT_PROTOTYPES = YES;
				CLANG_WARN_SUSPICIOUS_MOVE = YES;
				CLANG_WARN_UNGUARDED_AVAILABILITY = YES_AGGRESSIVE;
				CLANG_WARN_UNREACHABLE_CODE = YES;
				CLANG_WARN__DUPLICATE_METHOD_MATCH = YES;
				CODE_SIGN_IDENTITY = "iPhone Developer";
				COPY_PHASE_STRIP = NO;
				DEBUG_INFORMATION_FORMAT = dwarf;
				ENABLE_STRICT_OBJC_MSGSEND = YES;
				ENABLE_TESTABILITY = YES;
				GCC_C_LANGUAGE_STANDARD = gnu11;
				GCC_DYNAMIC_NO_PIC = NO;
				GCC_NO_COMMON_BLOCKS = YES;
				GCC_OPTIMIZATION_LEVEL = 0;
				GCC_PREPROCESSOR_DEFINITIONS = (
					"DEBUG=1",
					"$(inherited)",
				);
				GCC_WARN_64_TO_32_BIT_CONVERSION = YES;
				GCC_WARN_ABOUT_RETURN_TYPE = YES_ERROR;
				GCC_WARN_UNDECLARED_SELECTOR = YES;
				GCC_WARN_UNINITIALIZED_AUTOS = YES_AGGRESSIVE;
				GCC_WARN_UNUSED_FUNCTION = YES;
				GCC_WARN_UNUSED_VARIABLE = YES;
				IPHONEOS_DEPLOYMENT_TARGET = 11.4;
				MTL_ENABLE_DEBUG_INFO = YES;
				ONLY_ACTIVE_ARCH = YES;
				SDKROOT = iphoneos;
				SWIFT_ACTIVE_COMPILATION_CONDITIONS = DEBUG;
				SWIFT_OPTIMIZATION_LEVEL = "-Onone";
			};
			name = Debug;
		};
		9355A1DC226C231F00FCC348 /* Release */ = {
			isa = XCBuildConfiguration;
			buildSettings = {
				ALWAYS_SEARCH_USER_PATHS = NO;
				CLANG_ANALYZER_NONNULL = YES;
				CLANG_ANALYZER_NUMBER_OBJECT_CONVERSION = YES_AGGRESSIVE;
				CLANG_CXX_LANGUAGE_STANDARD = "gnu++14";
				CLANG_CXX_LIBRARY = "libc++";
				CLANG_ENABLE_MODULES = YES;
				CLANG_ENABLE_OBJC_ARC = YES;
				CLANG_ENABLE_OBJC_WEAK = YES;
				CLANG_WARN_BLOCK_CAPTURE_AUTORELEASING = YES;
				CLANG_WARN_BOOL_CONVERSION = YES;
				CLANG_WARN_COMMA = YES;
				CLANG_WARN_CONSTANT_CONVERSION = YES;
				CLANG_WARN_DEPRECATED_OBJC_IMPLEMENTATIONS = YES;
				CLANG_WARN_DIRECT_OBJC_ISA_USAGE = YES_ERROR;
				CLANG_WARN_DOCUMENTATION_COMMENTS = YES;
				CLANG_WARN_EMPTY_BODY = YES;
				CLANG_WARN_ENUM_CONVERSION = YES;
				CLANG_WARN_INFINITE_RECURSION = YES;
				CLANG_WARN_INT_CONVERSION = YES;
				CLANG_WARN_NON_LITERAL_NULL_CONVERSION = YES;
				CLANG_WARN_OBJC_IMPLICIT_RETAIN_SELF = YES;
				CLANG_WARN_OBJC_LITERAL_CONVERSION = YES;
				CLANG_WARN_OBJC_ROOT_CLASS = YES_ERROR;
				CLANG_WARN_RANGE_LOOP_ANALYSIS = YES;
				CLANG_WARN_STRICT_PROTOTYPES = YES;
				CLANG_WARN_SUSPICIOUS_MOVE = YES;
				CLANG_WARN_UNGUARDED_AVAILABILITY = YES_AGGRESSIVE;
				CLANG_WARN_UNREACHABLE_CODE = YES;
				CLANG_WARN__DUPLICATE_METHOD_MATCH = YES;
				CODE_SIGN_IDENTITY = "iPhone Developer";
				COPY_PHASE_STRIP = NO;
				DEBUG_INFORMATION_FORMAT = "dwarf-with-dsym";
				ENABLE_NS_ASSERTIONS = NO;
				ENABLE_STRICT_OBJC_MSGSEND = YES;
				GCC_C_LANGUAGE_STANDARD = gnu11;
				GCC_NO_COMMON_BLOCKS = YES;
				GCC_WARN_64_TO_32_BIT_CONVERSION = YES;
				GCC_WARN_ABOUT_RETURN_TYPE = YES_ERROR;
				GCC_WARN_UNDECLARED_SELECTOR = YES;
				GCC_WARN_UNINITIALIZED_AUTOS = YES_AGGRESSIVE;
				GCC_WARN_UNUSED_FUNCTION = YES;
				GCC_WARN_UNUSED_VARIABLE = YES;
				IPHONEOS_DEPLOYMENT_TARGET = 11.4;
				MTL_ENABLE_DEBUG_INFO = NO;
				SDKROOT = iphoneos;
				SWIFT_COMPILATION_MODE = wholemodule;
				SWIFT_OPTIMIZATION_LEVEL = "-O";
				VALIDATE_PRODUCT = YES;
			};
			name = Release;
		};
		9355A1DE226C231F00FCC348 /* Debug */ = {
			isa = XCBuildConfiguration;
			buildSettings = {
				ASSETCATALOG_COMPILER_APPICON_NAME = AppIcon;
				CODE_SIGN_STYLE = Automatic;
				INFOPLIST_FILE = EarthQuakeAPI/Info.plist;
				LD_RUNPATH_SEARCH_PATHS = (
					"$(inherited)",
					"@executable_path/Frameworks",
				);
				PRODUCT_BUNDLE_IDENTIFIER = DucBan.EarthQuakeAPI;
				PRODUCT_NAME = "$(TARGET_NAME)";
				SWIFT_VERSION = 4.0;
				TARGETED_DEVICE_FAMILY = "1,2";
			};
			name = Debug;
		};
		9355A1DF226C231F00FCC348 /* Release */ = {
			isa = XCBuildConfiguration;
			buildSettings = {
				ASSETCATALOG_COMPILER_APPICON_NAME = AppIcon;
				CODE_SIGN_STYLE = Automatic;
				INFOPLIST_FILE = EarthQuakeAPI/Info.plist;
				LD_RUNPATH_SEARCH_PATHS = (
					"$(inherited)",
					"@executable_path/Frameworks",
				);
				PRODUCT_BUNDLE_IDENTIFIER = DucBan.EarthQuakeAPI;
				PRODUCT_NAME = "$(TARGET_NAME)";
				SWIFT_VERSION = 4.0;
				TARGETED_DEVICE_FAMILY = "1,2";
			};
			name = Release;
		};
/* End XCBuildConfiguration section */

/* Begin XCConfigurationList section */
		9355A1C6226C231D00FCC348 /* Build configuration list for PBXProject "EarthQuakeAPI" */ = {
			isa = XCConfigurationList;
			buildConfigurations = (
				9355A1DB226C231F00FCC348 /* Debug */,
				9355A1DC226C231F00FCC348 /* Release */,
			);
			defaultConfigurationIsVisible = 0;
			defaultConfigurationName = Release;
		};
		9355A1DD226C231F00FCC348 /* Build configuration list for PBXNativeTarget "EarthQuakeAPI" */ = {
			isa = XCConfigurationList;
			buildConfigurations = (
				9355A1DE226C231F00FCC348 /* Debug */,
				9355A1DF226C231F00FCC348 /* Release */,
			);
			defaultConfigurationIsVisible = 0;
			defaultConfigurationName = Release;
		};
/* End XCConfigurationList section */
	};
	rootObject = 9355A1C3226C231D00FCC348 /* Project object */;
}
